
Microsoft Visual Studio Solution File, Format Version 12.00
# Visual Studio Version 16
VisualStudioVersion = 16.0.31205.134
MinimumVisualStudioVersion = 10.0.40219.1
Project("{FAE04EC0-301F-11D3-BF4B-00C04F79EFBC}") = "AlgoTimeTest", "AlgoTimeTest\AlgoTimeTest.csproj", "{2BEE748D-6EE2-4353-A107-5FC0BD1DEBDD}"
EndProject
Global
	GlobalSection(SolutionConfigurationPlatforms) = preSolution
		Debug|Any CPU = Debug|Any CPU
		Release|Any CPU = Release|Any CPU
	EndGlobalSection
	GlobalSection(ProjectConfigurationPlatforms) = postSolution
		{2BEE748D-6EE2-4353-A107-5FC0BD1DEBDD}.Debug|Any CPU.ActiveCfg = Debug|Any CPU
		{2BEE748D-6EE2-4353-A107-5FC0BD1DEBDD}.Debug|Any CPU.Build.0 = Debug|Any CPU
		{2BEE748D-6EE2-4353-A107-5FC0BD1DEBDD}.Release|Any CPU.ActiveCfg = Release|Any CPU
		{2BEE748D-6EE2-4353-A107-5FC0BD1DEBDD}.Release|Any CPU.Build.0 = Release|Any CPU
	EndGlobalSection
	GlobalSection(SolutionProperties) = preSolution
		HideSolutionNode = FALSE
	EndGlobalSection
	GlobalSection(ExtensibilityGlobals) = postSolution
		SolutionGuid = {E52D822E-BDEE-457B-A6CD-D5EAABF79345}
	EndGlobalSection
EndGlobal
